
Microsoft Visual Studio Solution File, Format Version 12.00
# Visual Studio Version 17
VisualStudioVersion = 17.4.33213.308
MinimumVisualStudioVersion = 10.0.40219.1
Project("{FAE04EC0-301F-11D3-BF4B-00C04F79EFBC}") = "PayVortex", "PayVortex\PayVortex.csproj", "{9AB3D1C5-837B-426B-A195-DADC1D188328}"
EndProject
Global
	GlobalSection(SolutionConfigurationPlatforms) = preSolution
		Debug|Any CPU = Debug|Any CPU
		Release|Any CPU = Release|Any CPU
	EndGlobalSection
	GlobalSection(ProjectConfigurationPlatforms) = postSolution
		{9AB3D1C5-837B-426B-A195-DADC1D188328}.Debug|Any CPU.ActiveCfg = Debug|Any CPU
		{9AB3D1C5-837B-426B-A195-DADC1D188328}.Debug|Any CPU.Build.0 = Debug|Any CPU
		{9AB3D1C5-837B-426B-A195-DADC1D188328}.Release|Any CPU.ActiveCfg = Release|Any CPU
		{9AB3D1C5-837B-426B-A195-DADC1D188328}.Release|Any CPU.Build.0 = Release|Any CPU
	EndGlobalSection
	GlobalSection(SolutionProperties) = preSolution
		HideSolutionNode = FALSE
	EndGlobalSection
	GlobalSection(ExtensibilityGlobals) = postSolution
		SolutionGuid = {3AFD93F4-CE80-4110-8F5D-17804097559E}
	EndGlobalSection
EndGlobal
