
Microsoft Visual Studio Solution File, Format Version 12.00
# Visual Studio Version 17
VisualStudioVersion = 17.4.33213.308
MinimumVisualStudioVersion = 10.0.40219.1
Project("{9A19103F-16F7-4668-BE54-9A1E7A4F7556}") = "Web", "PayVortex\Web.csproj", "{9AB3D1C5-837B-426B-A195-DADC1D188328}"
EndProject
Project("{9A19103F-16F7-4668-BE54-9A1E7A4F7556}") = "ApplicationCore", "BusinessLayer\ApplicationCore.csproj", "{44FA9A87-928C-4ABE-83D4-0DEC6BEEF8C8}"
EndProject
Project("{9A19103F-16F7-4668-BE54-9A1E7A4F7556}") = "InfraStructure", "DataAccess\InfraStructure.csproj", "{1D4D4934-5CCE-41BE-801F-D439DE8FCA79}"
EndProject
Global
	GlobalSection(SolutionConfigurationPlatforms) = preSolution
		Debug|Any CPU = Debug|Any CPU
		Release|Any CPU = Release|Any CPU
	EndGlobalSection
	GlobalSection(ProjectConfigurationPlatforms) = postSolution
		{9AB3D1C5-837B-426B-A195-DADC1D188328}.Debug|Any CPU.ActiveCfg = Debug|Any CPU
		{9AB3D1C5-837B-426B-A195-DADC1D188328}.Debug|Any CPU.Build.0 = Debug|Any CPU
		{9AB3D1C5-837B-426B-A195-DADC1D188328}.Release|Any CPU.ActiveCfg = Release|Any CPU
		{9AB3D1C5-837B-426B-A195-DADC1D188328}.Release|Any CPU.Build.0 = Release|Any CPU
		{44FA9A87-928C-4ABE-83D4-0DEC6BEEF8C8}.Debug|Any CPU.ActiveCfg = Debug|Any CPU
		{44FA9A87-928C-4ABE-83D4-0DEC6BEEF8C8}.Debug|Any CPU.Build.0 = Debug|Any CPU
		{44FA9A87-928C-4ABE-83D4-0DEC6BEEF8C8}.Release|Any CPU.ActiveCfg = Release|Any CPU
		{44FA9A87-928C-4ABE-83D4-0DEC6BEEF8C8}.Release|Any CPU.Build.0 = Release|Any CPU
		{1D4D4934-5CCE-41BE-801F-D439DE8FCA79}.Debug|Any CPU.ActiveCfg = Debug|Any CPU
		{1D4D4934-5CCE-41BE-801F-D439DE8FCA79}.Debug|Any CPU.Build.0 = Debug|Any CPU
		{1D4D4934-5CCE-41BE-801F-D439DE8FCA79}.Release|Any CPU.ActiveCfg = Release|Any CPU
		{1D4D4934-5CCE-41BE-801F-D439DE8FCA79}.Release|Any CPU.Build.0 = Release|Any CPU
	EndGlobalSection
	GlobalSection(SolutionProperties) = preSolution
		HideSolutionNode = FALSE
	EndGlobalSection
	GlobalSection(ExtensibilityGlobals) = postSolution
		SolutionGuid = {3AFD93F4-CE80-4110-8F5D-17804097559E}
	EndGlobalSection
EndGlobal
