
Microsoft Visual Studio Solution File, Format Version 12.00
# Visual Studio Version 17
VisualStudioVersion = 17.4.33213.308
MinimumVisualStudioVersion = 10.0.40219.1
Project("{9A19103F-16F7-4668-BE54-9A1E7A4F7556}") = "Web", "Web\Web.csproj", "{9AB3D1C5-837B-426B-A195-DADC1D188328}"
EndProject
Project("{9A19103F-16F7-4668-BE54-9A1E7A4F7556}") = "ApplicationCore", "ApplicationCore\ApplicationCore.csproj", "{44FA9A87-928C-4ABE-83D4-0DEC6BEEF8C8}"
EndProject
Project("{9A19103F-16F7-4668-BE54-9A1E7A4F7556}") = "Infrastructure", "Infrastructure\Infrastructure.csproj", "{1D4D4934-5CCE-41BE-801F-D439DE8FCA79}"
EndProject
Project("{2150E333-8FDC-42A3-9474-1A3956D46DE8}") = "tests", "tests", "{6079FE6A-9F24-45F1-A7B6-1DBDA71E6AB8}"
EndProject
Project("{2150E333-8FDC-42A3-9474-1A3956D46DE8}") = "src", "src", "{FAB56F5B-C995-40F5-BF24-EC5D84D43669}"
EndProject
Project("{FAE04EC0-301F-11D3-BF4B-00C04F79EFBC}") = "ApplicationCore.UnitTests", "PayVortex.ApplicationCore.UnitTests\ApplicationCore.UnitTests.csproj", "{D8C93A97-EF8F-4945-9622-E118E6D6182F}"
EndProject
Project("{FAE04EC0-301F-11D3-BF4B-00C04F79EFBC}") = "Infrastructure.UnitTests", "Infrastructure.UnitTests\Infrastructure.UnitTests.csproj", "{4438834C-7505-479A-AB2C-F0CEC11E5BEC}"
EndProject
Project("{FAE04EC0-301F-11D3-BF4B-00C04F79EFBC}") = "Web.UnitTests", "Web.UnitTests\Web.UnitTests.csproj", "{AB648D17-8370-4675-9913-E3E7CDBCD5EE}"
EndProject
Global
	GlobalSection(SolutionConfigurationPlatforms) = preSolution
		Debug|Any CPU = Debug|Any CPU
		Release|Any CPU = Release|Any CPU
	EndGlobalSection
	GlobalSection(ProjectConfigurationPlatforms) = postSolution
		{9AB3D1C5-837B-426B-A195-DADC1D188328}.Debug|Any CPU.ActiveCfg = Debug|Any CPU
		{9AB3D1C5-837B-426B-A195-DADC1D188328}.Debug|Any CPU.Build.0 = Debug|Any CPU
		{9AB3D1C5-837B-426B-A195-DADC1D188328}.Release|Any CPU.ActiveCfg = Release|Any CPU
		{9AB3D1C5-837B-426B-A195-DADC1D188328}.Release|Any CPU.Build.0 = Release|Any CPU
		{44FA9A87-928C-4ABE-83D4-0DEC6BEEF8C8}.Debug|Any CPU.ActiveCfg = Debug|Any CPU
		{44FA9A87-928C-4ABE-83D4-0DEC6BEEF8C8}.Debug|Any CPU.Build.0 = Debug|Any CPU
		{44FA9A87-928C-4ABE-83D4-0DEC6BEEF8C8}.Release|Any CPU.ActiveCfg = Release|Any CPU
		{44FA9A87-928C-4ABE-83D4-0DEC6BEEF8C8}.Release|Any CPU.Build.0 = Release|Any CPU
		{1D4D4934-5CCE-41BE-801F-D439DE8FCA79}.Debug|Any CPU.ActiveCfg = Debug|Any CPU
		{1D4D4934-5CCE-41BE-801F-D439DE8FCA79}.Debug|Any CPU.Build.0 = Debug|Any CPU
		{1D4D4934-5CCE-41BE-801F-D439DE8FCA79}.Release|Any CPU.ActiveCfg = Release|Any CPU
		{1D4D4934-5CCE-41BE-801F-D439DE8FCA79}.Release|Any CPU.Build.0 = Release|Any CPU
		{D8C93A97-EF8F-4945-9622-E118E6D6182F}.Debug|Any CPU.ActiveCfg = Debug|Any CPU
		{D8C93A97-EF8F-4945-9622-E118E6D6182F}.Debug|Any CPU.Build.0 = Debug|Any CPU
		{D8C93A97-EF8F-4945-9622-E118E6D6182F}.Release|Any CPU.ActiveCfg = Release|Any CPU
		{D8C93A97-EF8F-4945-9622-E118E6D6182F}.Release|Any CPU.Build.0 = Release|Any CPU
		{4438834C-7505-479A-AB2C-F0CEC11E5BEC}.Debug|Any CPU.ActiveCfg = Debug|Any CPU
		{4438834C-7505-479A-AB2C-F0CEC11E5BEC}.Debug|Any CPU.Build.0 = Debug|Any CPU
		{4438834C-7505-479A-AB2C-F0CEC11E5BEC}.Release|Any CPU.ActiveCfg = Release|Any CPU
		{4438834C-7505-479A-AB2C-F0CEC11E5BEC}.Release|Any CPU.Build.0 = Release|Any CPU
		{AB648D17-8370-4675-9913-E3E7CDBCD5EE}.Debug|Any CPU.ActiveCfg = Debug|Any CPU
		{AB648D17-8370-4675-9913-E3E7CDBCD5EE}.Debug|Any CPU.Build.0 = Debug|Any CPU
		{AB648D17-8370-4675-9913-E3E7CDBCD5EE}.Release|Any CPU.ActiveCfg = Release|Any CPU
		{AB648D17-8370-4675-9913-E3E7CDBCD5EE}.Release|Any CPU.Build.0 = Release|Any CPU
	EndGlobalSection
	GlobalSection(SolutionProperties) = preSolution
		HideSolutionNode = FALSE
	EndGlobalSection
	GlobalSection(NestedProjects) = preSolution
		{9AB3D1C5-837B-426B-A195-DADC1D188328} = {FAB56F5B-C995-40F5-BF24-EC5D84D43669}
		{44FA9A87-928C-4ABE-83D4-0DEC6BEEF8C8} = {FAB56F5B-C995-40F5-BF24-EC5D84D43669}
		{1D4D4934-5CCE-41BE-801F-D439DE8FCA79} = {FAB56F5B-C995-40F5-BF24-EC5D84D43669}
		{D8C93A97-EF8F-4945-9622-E118E6D6182F} = {6079FE6A-9F24-45F1-A7B6-1DBDA71E6AB8}
		{4438834C-7505-479A-AB2C-F0CEC11E5BEC} = {6079FE6A-9F24-45F1-A7B6-1DBDA71E6AB8}
		{AB648D17-8370-4675-9913-E3E7CDBCD5EE} = {6079FE6A-9F24-45F1-A7B6-1DBDA71E6AB8}
	EndGlobalSection
	GlobalSection(ExtensibilityGlobals) = postSolution
		SolutionGuid = {3AFD93F4-CE80-4110-8F5D-17804097559E}
	EndGlobalSection
EndGlobal
